
Microsoft Visual Studio Solution File, Format Version 12.00
Project("{FAE04EC0-301F-11D3-BF4B-00C04F79EFBC}") = "Cucina.Domain", "Cucina.Domain\Cucina.Domain.csproj", "{70AB5553-E1DC-4E0E-A2D7-05D6D87E2C05}"
EndProject
Project("{FAE04EC0-301F-11D3-BF4B-00C04F79EFBC}") = "Cucina.Application", "Cucina.Application\Cucina.Application.csproj", "{1EB93E83-005F-4347-9232-548B085086A4}"
EndProject
Project("{FAE04EC0-301F-11D3-BF4B-00C04F79EFBC}") = "Cucina.Persistence", "Cucina.Persistence\Cucina.Persistence.csproj", "{28AC8799-9DFF-4987-9C15-16D82A1A7937}"
EndProject
Project("{FAE04EC0-301F-11D3-BF4B-00C04F79EFBC}") = "Cucina.SQL", "Cucina.SQL\Cucina.SQL.csproj", "{87A93616-2511-4670-83C1-B23EBC0CCDA7}"
EndProject
Project("{FAE04EC0-301F-11D3-BF4B-00C04F79EFBC}") = "Cucina.API", "Cucina.API\Cucina.API.csproj", "{01E7630C-0E52-4781-9415-663E374F5E8B}"
EndProject
Project("{FAE04EC0-301F-11D3-BF4B-00C04F79EFBC}") = "Cucina.Test", "Cucina.Test\Cucina.Test.csproj", "{F51B847A-D6B7-4C91-8AB8-A683214F5E7C}"
EndProject
Project("{FAE04EC0-301F-11D3-BF4B-00C04F79EFBC}") = "Cucina.Log", "Cucina.Log\Cucina.Log.csproj", "{6AC15B24-1A12-45F4-B0E5-0A90AB636724}"
EndProject
Project("{2150E333-8FDC-42A3-9474-1A3956D46DE8}") = "Core", "Core", "{F1C49BEB-4D61-4193-A1C9-E50606AE3334}"
EndProject
Project("{2150E333-8FDC-42A3-9474-1A3956D46DE8}") = "Test", "Test", "{CE87B996-062C-40DB-894F-FF1D89C2448F}"
EndProject
Project("{2150E333-8FDC-42A3-9474-1A3956D46DE8}") = "Log", "Log", "{F6A6FA44-7677-4100-BD10-E26692D85CE7}"
EndProject
Project("{2150E333-8FDC-42A3-9474-1A3956D46DE8}") = "Infrastructure", "Infrastructure", "{57115DE6-ACE5-4C18-8145-1532167D798C}"
EndProject
Project("{2150E333-8FDC-42A3-9474-1A3956D46DE8}") = "Presentation", "Presentation", "{7E919F9A-F808-4176-9205-8C1BEE27959B}"
EndProject
Project("{FAE04EC0-301F-11D3-BF4B-00C04F79EFBC}") = "Cucina.Client", "Cucina.Client\Cucina.Client.csproj", "{7998CE5F-0F35-4028-8848-E8B26B1CFB64}"
EndProject
Global
	GlobalSection(SolutionConfigurationPlatforms) = preSolution
		Debug|Any CPU = Debug|Any CPU
		Release|Any CPU = Release|Any CPU
	EndGlobalSection
	GlobalSection(ProjectConfigurationPlatforms) = postSolution
		{70AB5553-E1DC-4E0E-A2D7-05D6D87E2C05}.Debug|Any CPU.ActiveCfg = Debug|Any CPU
		{70AB5553-E1DC-4E0E-A2D7-05D6D87E2C05}.Debug|Any CPU.Build.0 = Debug|Any CPU
		{70AB5553-E1DC-4E0E-A2D7-05D6D87E2C05}.Release|Any CPU.ActiveCfg = Release|Any CPU
		{70AB5553-E1DC-4E0E-A2D7-05D6D87E2C05}.Release|Any CPU.Build.0 = Release|Any CPU
		{1EB93E83-005F-4347-9232-548B085086A4}.Debug|Any CPU.ActiveCfg = Debug|Any CPU
		{1EB93E83-005F-4347-9232-548B085086A4}.Debug|Any CPU.Build.0 = Debug|Any CPU
		{1EB93E83-005F-4347-9232-548B085086A4}.Release|Any CPU.ActiveCfg = Release|Any CPU
		{1EB93E83-005F-4347-9232-548B085086A4}.Release|Any CPU.Build.0 = Release|Any CPU
		{28AC8799-9DFF-4987-9C15-16D82A1A7937}.Debug|Any CPU.ActiveCfg = Debug|Any CPU
		{28AC8799-9DFF-4987-9C15-16D82A1A7937}.Debug|Any CPU.Build.0 = Debug|Any CPU
		{28AC8799-9DFF-4987-9C15-16D82A1A7937}.Release|Any CPU.ActiveCfg = Release|Any CPU
		{28AC8799-9DFF-4987-9C15-16D82A1A7937}.Release|Any CPU.Build.0 = Release|Any CPU
		{87A93616-2511-4670-83C1-B23EBC0CCDA7}.Debug|Any CPU.ActiveCfg = Debug|Any CPU
		{87A93616-2511-4670-83C1-B23EBC0CCDA7}.Debug|Any CPU.Build.0 = Debug|Any CPU
		{87A93616-2511-4670-83C1-B23EBC0CCDA7}.Release|Any CPU.ActiveCfg = Release|Any CPU
		{87A93616-2511-4670-83C1-B23EBC0CCDA7}.Release|Any CPU.Build.0 = Release|Any CPU
		{01E7630C-0E52-4781-9415-663E374F5E8B}.Debug|Any CPU.ActiveCfg = Debug|Any CPU
		{01E7630C-0E52-4781-9415-663E374F5E8B}.Debug|Any CPU.Build.0 = Debug|Any CPU
		{01E7630C-0E52-4781-9415-663E374F5E8B}.Release|Any CPU.ActiveCfg = Release|Any CPU
		{01E7630C-0E52-4781-9415-663E374F5E8B}.Release|Any CPU.Build.0 = Release|Any CPU
		{F51B847A-D6B7-4C91-8AB8-A683214F5E7C}.Debug|Any CPU.ActiveCfg = Debug|Any CPU
		{F51B847A-D6B7-4C91-8AB8-A683214F5E7C}.Debug|Any CPU.Build.0 = Debug|Any CPU
		{F51B847A-D6B7-4C91-8AB8-A683214F5E7C}.Release|Any CPU.ActiveCfg = Release|Any CPU
		{F51B847A-D6B7-4C91-8AB8-A683214F5E7C}.Release|Any CPU.Build.0 = Release|Any CPU
		{6AC15B24-1A12-45F4-B0E5-0A90AB636724}.Debug|Any CPU.ActiveCfg = Debug|Any CPU
		{6AC15B24-1A12-45F4-B0E5-0A90AB636724}.Debug|Any CPU.Build.0 = Debug|Any CPU
		{6AC15B24-1A12-45F4-B0E5-0A90AB636724}.Release|Any CPU.ActiveCfg = Release|Any CPU
		{6AC15B24-1A12-45F4-B0E5-0A90AB636724}.Release|Any CPU.Build.0 = Release|Any CPU
		{7998CE5F-0F35-4028-8848-E8B26B1CFB64}.Debug|Any CPU.ActiveCfg = Debug|Any CPU
		{7998CE5F-0F35-4028-8848-E8B26B1CFB64}.Debug|Any CPU.Build.0 = Debug|Any CPU
		{7998CE5F-0F35-4028-8848-E8B26B1CFB64}.Release|Any CPU.ActiveCfg = Release|Any CPU
		{7998CE5F-0F35-4028-8848-E8B26B1CFB64}.Release|Any CPU.Build.0 = Release|Any CPU
	EndGlobalSection
	GlobalSection(NestedProjects) = preSolution
		{6AC15B24-1A12-45F4-B0E5-0A90AB636724} = {F6A6FA44-7677-4100-BD10-E26692D85CE7}
		{28AC8799-9DFF-4987-9C15-16D82A1A7937} = {57115DE6-ACE5-4C18-8145-1532167D798C}
		{70AB5553-E1DC-4E0E-A2D7-05D6D87E2C05} = {F1C49BEB-4D61-4193-A1C9-E50606AE3334}
		{1EB93E83-005F-4347-9232-548B085086A4} = {F1C49BEB-4D61-4193-A1C9-E50606AE3334}
		{F51B847A-D6B7-4C91-8AB8-A683214F5E7C} = {CE87B996-062C-40DB-894F-FF1D89C2448F}
		{01E7630C-0E52-4781-9415-663E374F5E8B} = {7E919F9A-F808-4176-9205-8C1BEE27959B}
		{87A93616-2511-4670-83C1-B23EBC0CCDA7} = {57115DE6-ACE5-4C18-8145-1532167D798C}
		{7998CE5F-0F35-4028-8848-E8B26B1CFB64} = {7E919F9A-F808-4176-9205-8C1BEE27959B}
	EndGlobalSection
EndGlobal
